
Microsoft Visual Studio Solution File, Format Version 12.00
# Visual Studio Version 16
VisualStudioVersion = 16.0.31729.503
MinimumVisualStudioVersion = 10.0.40219.1
Project("{FAE04EC0-301F-11D3-BF4B-00C04F79EFBC}") = "FreakyFashionCMS", "FreakyFashionCMS\FreakyFashionCMS.csproj", "{E0CC4214-CF4C-4529-962E-B946EF01DA4D}"
EndProject
Global
	GlobalSection(SolutionConfigurationPlatforms) = preSolution
		Debug|Any CPU = Debug|Any CPU
		Release|Any CPU = Release|Any CPU
	EndGlobalSection
	GlobalSection(ProjectConfigurationPlatforms) = postSolution
		{E0CC4214-CF4C-4529-962E-B946EF01DA4D}.Debug|Any CPU.ActiveCfg = Debug|Any CPU
		{E0CC4214-CF4C-4529-962E-B946EF01DA4D}.Debug|Any CPU.Build.0 = Debug|Any CPU
		{E0CC4214-CF4C-4529-962E-B946EF01DA4D}.Release|Any CPU.ActiveCfg = Release|Any CPU
		{E0CC4214-CF4C-4529-962E-B946EF01DA4D}.Release|Any CPU.Build.0 = Release|Any CPU
	EndGlobalSection
	GlobalSection(SolutionProperties) = preSolution
		HideSolutionNode = FALSE
	EndGlobalSection
	GlobalSection(ExtensibilityGlobals) = postSolution
		SolutionGuid = {E3CDB4E8-5F1B-474E-8058-7ACDB2E987F3}
	EndGlobalSection
EndGlobal
